
Microsoft Visual Studio Solution File, Format Version 12.00
# Visual Studio Version 17
VisualStudioVersion = 17.10.35013.160
MinimumVisualStudioVersion = 10.0.40219.1
Project("{FAE04EC0-301F-11D3-BF4B-00C04F79EFBC}") = "Proyectos", "Proyectos\Proyectos.csproj", "{50C7A079-AA0F-44E9-8026-666BA2E7E898}"
EndProject
Global
	GlobalSection(SolutionConfigurationPlatforms) = preSolution
		Debug|Any CPU = Debug|Any CPU
		Release|Any CPU = Release|Any CPU
	EndGlobalSection
	GlobalSection(ProjectConfigurationPlatforms) = postSolution
		{50C7A079-AA0F-44E9-8026-666BA2E7E898}.Debug|Any CPU.ActiveCfg = Debug|Any CPU
		{50C7A079-AA0F-44E9-8026-666BA2E7E898}.Debug|Any CPU.Build.0 = Debug|Any CPU
		{50C7A079-AA0F-44E9-8026-666BA2E7E898}.Release|Any CPU.ActiveCfg = Release|Any CPU
		{50C7A079-AA0F-44E9-8026-666BA2E7E898}.Release|Any CPU.Build.0 = Release|Any CPU
	EndGlobalSection
	GlobalSection(SolutionProperties) = preSolution
		HideSolutionNode = FALSE
	EndGlobalSection
	GlobalSection(ExtensibilityGlobals) = postSolution
		SolutionGuid = {39AF432F-0EF4-4644-AA27-3562C7CEC2FD}
	EndGlobalSection
EndGlobal
